{
  "name": "EquationAce",
  "version": "1.0.0",
  "lockfileVersion": 3,
  "requires": true,
  "packages": {
    "": {
      "name": "EquationAce",
      "version": "1.0.0",
      "dependencies": {
        "mathjax": "^3.2.2"
      },
      "devDependencies": {
        "@types/mathjax": "^0.0.37",
        "typescript": "^5.5.3"
      }
    },
    "node_modules/@types/mathjax": {
      "version": "0.0.37",
      "resolved": "https://registry.npmjs.org/@types/mathjax/-/mathjax-0.0.37.tgz",
      "integrity": "sha512-y0WSZBtBNQwcYipTU/BhgeFu1EZNlFvUNCmkMXV9kBQZq7/o5z82dNVyH3yy2Xv5zzeNeQoHSL4Xm06+EQiH+g==",
      "dev": true,
      "license": "MIT"
    },
    "node_modules/mathjax": {
      "version": "3.2.2",
      "resolved": "https://registry.npmjs.org/mathjax/-/mathjax-3.2.2.tgz",
      "integrity": "sha512-Bt+SSVU8eBG27zChVewOicYs7Xsdt40qm4+UpHyX7k0/O9NliPc+x77k1/FEsPsjKPZGJvtRZM1vO+geW0OhGw==",
      "license": "Apache-2.0"
    },
    "node_modules/typescript": {
      "version": "5.8.3",
      "resolved": "https://registry.npmjs.org/typescript/-/typescript-5.8.3.tgz",
      "integrity": "sha512-p1diW6TqL9L07nNxvRMM7hMMw4c5XOo/1ibL4aAIGmSAt9slTE1Xgw5KWuof2uTOvCg9BY7ZRi+GaF+7sfgPeQ==",
      "dev": true,
      "license": "Apache-2.0",
      "bin": {
        "tsc": "bin/tsc",
        "tsserver": "bin/tsserver"
      },
      "engines": {
        "node": ">=14.17"
      }
    }
  }
}
